github.com/moonman369/Dog-Go-Depedency v0.0.0-20230704132511-4e0030efa578 h1:b7BjinytrZilrAUlDDBZiW8iKLFggH9J5DC9ODac7u4=
github.com/moonman369/Dog-Go-Depedency v0.0.0-20230704132511-4e0030efa578/go.mod h1:oGGrc+vhBhpEcCUHJscCOfemAPC4ewM5rdNm88a3SUg=
github.com/moonman369/Puppy-Go-Dependency v0.0.1 h1:azc1F6dXVQFE7YDHx7oJN5renmjTWBTUfSMJW8oUcq8=
github.com/moonman369/Puppy-Go-Dependency v0.0.1/go.mod h1:XNyLizRRErkzYiNowQUcLbIlrfgyNiehi1iGaeY3vGU=
github.com/moonman369/Puppy-Go-Dependency v0.0.2 h1:1EwQwW4OP3FUNob8syIu+dAcIaWsjPf3EMF3m6cn2Ds=
github.com/moonman369/Puppy-Go-Dependency v0.0.2/go.mod h1:XNyLizRRErkzYiNowQUcLbIlrfgyNiehi1iGaeY3vGU=
github.com/moonman369/Puppy-Go-Dependency v0.0.3 h1:Tkv02rUdrVWmF2zpmEFlWb6GMF6xGxvmcdDS11ILjoY=
github.com/moonman369/Puppy-Go-Dependency v0.0.3/go.mod h1:XNyLizRRErkzYiNowQUcLbIlrfgyNiehi1iGaeY3vGU=
github.com/moonman369/Puppy-Go-Dependency v0.0.4 h1:Mg9Ttw280MBWIOzP49ozoyabOIi5tk/xvPAhOgjgTPU=
github.com/moonman369/Puppy-Go-Dependency v0.0.4/go.mod h1:XNyLizRRErkzYiNowQUcLbIlrfgyNiehi1iGaeY3vGU=
