github.com/moonman369/Dog-Go-Depedency v0.0.0-20230704132511-4e0030efa578 h1:b7BjinytrZilrAUlDDBZiW8iKLFggH9J5DC9ODac7u4=
github.com/moonman369/Dog-Go-Depedency v0.0.0-20230704132511-4e0030efa578/go.mod h1:oGGrc+vhBhpEcCUHJscCOfemAPC4ewM5rdNm88a3SUg=
github.com/moonman369/Puppy-Go-Dependency v0.0.0-20230704133241-e8a2a3c6d353 h1:cyVtO3rzI7uLCICA2SMIu1848s/9qTVFVx1vNlNhe/8=
github.com/moonman369/Puppy-Go-Dependency v0.0.0-20230704133241-e8a2a3c6d353/go.mod h1:XNyLizRRErkzYiNowQUcLbIlrfgyNiehi1iGaeY3vGU=
